
Microsoft Visual Studio Solution File, Format Version 12.00
# Visual Studio 15
VisualStudioVersion = 15.0.28307.106
MinimumVisualStudioVersion = 10.0.40219.1
Project("{FAE04EC0-301F-11D3-BF4B-00C04F79EFBC}") = "XFPageNavigation.Android", "XFPageNavigation\XFPageNavigation.Android\XFPageNavigation.Android.csproj", "{26225509-B308-4D71-99AB-D0876FC5FA97}"
EndProject
Project("{FAE04EC0-301F-11D3-BF4B-00C04F79EFBC}") = "XFPageNavigation.iOS", "XFPageNavigation\XFPageNavigation.iOS\XFPageNavigation.iOS.csproj", "{843E2A6D-13E2-4CB8-A98C-0BCBA6F2ACB4}"
EndProject
Project("{FAE04EC0-301F-11D3-BF4B-00C04F79EFBC}") = "XFPageNavigation", "XFPageNavigation\XFPageNavigation\XFPageNavigation.csproj", "{B2588D6B-7FCF-4AF4-BF96-2B353026D0C1}"
EndProject
Global
	GlobalSection(SolutionConfigurationPlatforms) = preSolution
		Ad-Hoc|Any CPU = Ad-Hoc|Any CPU
		Ad-Hoc|iPhone = Ad-Hoc|iPhone
		Ad-Hoc|iPhoneSimulator = Ad-Hoc|iPhoneSimulator
		AppStore|Any CPU = AppStore|Any CPU
		AppStore|iPhone = AppStore|iPhone
		AppStore|iPhoneSimulator = AppStore|iPhoneSimulator
		Debug|Any CPU = Debug|Any CPU
		Debug|iPhone = Debug|iPhone
		Debug|iPhoneSimulator = Debug|iPhoneSimulator
		Release|Any CPU = Release|Any CPU
		Release|iPhone = Release|iPhone
		Release|iPhoneSimulator = Release|iPhoneSimulator
	EndGlobalSection
	GlobalSection(ProjectConfigurationPlatforms) = postSolution
		{26225509-B308-4D71-99AB-D0876FC5FA97}.Ad-Hoc|Any CPU.ActiveCfg = Release|Any CPU
		{26225509-B308-4D71-99AB-D0876FC5FA97}.Ad-Hoc|Any CPU.Build.0 = Release|Any CPU
		{26225509-B308-4D71-99AB-D0876FC5FA97}.Ad-Hoc|Any CPU.Deploy.0 = Release|Any CPU
		{26225509-B308-4D71-99AB-D0876FC5FA97}.Ad-Hoc|iPhone.ActiveCfg = Release|Any CPU
		{26225509-B308-4D71-99AB-D0876FC5FA97}.Ad-Hoc|iPhone.Build.0 = Release|Any CPU
		{26225509-B308-4D71-99AB-D0876FC5FA97}.Ad-Hoc|iPhone.Deploy.0 = Release|Any CPU
		{26225509-B308-4D71-99AB-D0876FC5FA97}.Ad-Hoc|iPhoneSimulator.ActiveCfg = Release|Any CPU
		{26225509-B308-4D71-99AB-D0876FC5FA97}.Ad-Hoc|iPhoneSimulator.Build.0 = Release|Any CPU
		{26225509-B308-4D71-99AB-D0876FC5FA97}.Ad-Hoc|iPhoneSimulator.Deploy.0 = Release|Any CPU
		{26225509-B308-4D71-99AB-D0876FC5FA97}.AppStore|Any CPU.ActiveCfg = Release|Any CPU
		{26225509-B308-4D71-99AB-D0876FC5FA97}.AppStore|Any CPU.Build.0 = Release|Any CPU
		{26225509-B308-4D71-99AB-D0876FC5FA97}.AppStore|Any CPU.Deploy.0 = Release|Any CPU
		{26225509-B308-4D71-99AB-D0876FC5FA97}.AppStore|iPhone.ActiveCfg = Release|Any CPU
		{26225509-B308-4D71-99AB-D0876FC5FA97}.AppStore|iPhone.Build.0 = Release|Any CPU
		{26225509-B308-4D71-99AB-D0876FC5FA97}.AppStore|iPhone.Deploy.0 = Release|Any CPU
		{26225509-B308-4D71-99AB-D0876FC5FA97}.AppStore|iPhoneSimulator.ActiveCfg = Release|Any CPU
		{26225509-B308-4D71-99AB-D0876FC5FA97}.AppStore|iPhoneSimulator.Build.0 = Release|Any CPU
		{26225509-B308-4D71-99AB-D0876FC5FA97}.AppStore|iPhoneSimulator.Deploy.0 = Release|Any CPU
		{26225509-B308-4D71-99AB-D0876FC5FA97}.Debug|Any CPU.ActiveCfg = Debug|Any CPU
		{26225509-B308-4D71-99AB-D0876FC5FA97}.Debug|Any CPU.Build.0 = Debug|Any CPU
		{26225509-B308-4D71-99AB-D0876FC5FA97}.Debug|Any CPU.Deploy.0 = Debug|Any CPU
		{26225509-B308-4D71-99AB-D0876FC5FA97}.Debug|iPhone.ActiveCfg = Debug|Any CPU
		{26225509-B308-4D71-99AB-D0876FC5FA97}.Debug|iPhone.Build.0 = Debug|Any CPU
		{26225509-B308-4D71-99AB-D0876FC5FA97}.Debug|iPhone.Deploy.0 = Debug|Any CPU
		{26225509-B308-4D71-99AB-D0876FC5FA97}.Debug|iPhoneSimulator.ActiveCfg = Debug|Any CPU
		{26225509-B308-4D71-99AB-D0876FC5FA97}.Debug|iPhoneSimulator.Build.0 = Debug|Any CPU
		{26225509-B308-4D71-99AB-D0876FC5FA97}.Debug|iPhoneSimulator.Deploy.0 = Debug|Any CPU
		{26225509-B308-4D71-99AB-D0876FC5FA97}.Release|Any CPU.ActiveCfg = Release|Any CPU
		{26225509-B308-4D71-99AB-D0876FC5FA97}.Release|Any CPU.Build.0 = Release|Any CPU
		{26225509-B308-4D71-99AB-D0876FC5FA97}.Release|Any CPU.Deploy.0 = Release|Any CPU
		{26225509-B308-4D71-99AB-D0876FC5FA97}.Release|iPhone.ActiveCfg = Release|Any CPU
		{26225509-B308-4D71-99AB-D0876FC5FA97}.Release|iPhone.Build.0 = Release|Any CPU
		{26225509-B308-4D71-99AB-D0876FC5FA97}.Release|iPhone.Deploy.0 = Release|Any CPU
		{26225509-B308-4D71-99AB-D0876FC5FA97}.Release|iPhoneSimulator.ActiveCfg = Release|Any CPU
		{26225509-B308-4D71-99AB-D0876FC5FA97}.Release|iPhoneSimulator.Build.0 = Release|Any CPU
		{26225509-B308-4D71-99AB-D0876FC5FA97}.Release|iPhoneSimulator.Deploy.0 = Release|Any CPU
		{843E2A6D-13E2-4CB8-A98C-0BCBA6F2ACB4}.Ad-Hoc|Any CPU.ActiveCfg = Ad-Hoc|iPhone
		{843E2A6D-13E2-4CB8-A98C-0BCBA6F2ACB4}.Ad-Hoc|Any CPU.Build.0 = Ad-Hoc|iPhone
		{843E2A6D-13E2-4CB8-A98C-0BCBA6F2ACB4}.Ad-Hoc|Any CPU.Deploy.0 = Ad-Hoc|iPhone
		{843E2A6D-13E2-4CB8-A98C-0BCBA6F2ACB4}.Ad-Hoc|iPhone.ActiveCfg = Ad-Hoc|iPhone
		{843E2A6D-13E2-4CB8-A98C-0BCBA6F2ACB4}.Ad-Hoc|iPhone.Build.0 = Ad-Hoc|iPhone
		{843E2A6D-13E2-4CB8-A98C-0BCBA6F2ACB4}.Ad-Hoc|iPhone.Deploy.0 = Ad-Hoc|iPhone
		{843E2A6D-13E2-4CB8-A98C-0BCBA6F2ACB4}.Ad-Hoc|iPhoneSimulator.ActiveCfg = Ad-Hoc|iPhoneSimulator
		{843E2A6D-13E2-4CB8-A98C-0BCBA6F2ACB4}.Ad-Hoc|iPhoneSimulator.Build.0 = Ad-Hoc|iPhoneSimulator
		{843E2A6D-13E2-4CB8-A98C-0BCBA6F2ACB4}.Ad-Hoc|iPhoneSimulator.Deploy.0 = Ad-Hoc|iPhoneSimulator
		{843E2A6D-13E2-4CB8-A98C-0BCBA6F2ACB4}.AppStore|Any CPU.ActiveCfg = AppStore|iPhone
		{843E2A6D-13E2-4CB8-A98C-0BCBA6F2ACB4}.AppStore|Any CPU.Build.0 = AppStore|iPhone
		{843E2A6D-13E2-4CB8-A98C-0BCBA6F2ACB4}.AppStore|Any CPU.Deploy.0 = AppStore|iPhone
		{843E2A6D-13E2-4CB8-A98C-0BCBA6F2ACB4}.AppStore|iPhone.ActiveCfg = AppStore|iPhone
		{843E2A6D-13E2-4CB8-A98C-0BCBA6F2ACB4}.AppStore|iPhone.Build.0 = AppStore|iPhone
		{843E2A6D-13E2-4CB8-A98C-0BCBA6F2ACB4}.AppStore|iPhone.Deploy.0 = AppStore|iPhone
		{843E2A6D-13E2-4CB8-A98C-0BCBA6F2ACB4}.AppStore|iPhoneSimulator.ActiveCfg = AppStore|iPhoneSimulator
		{843E2A6D-13E2-4CB8-A98C-0BCBA6F2ACB4}.AppStore|iPhoneSimulator.Build.0 = AppStore|iPhoneSimulator
		{843E2A6D-13E2-4CB8-A98C-0BCBA6F2ACB4}.AppStore|iPhoneSimulator.Deploy.0 = AppStore|iPhoneSimulator
		{843E2A6D-13E2-4CB8-A98C-0BCBA6F2ACB4}.Debug|Any CPU.ActiveCfg = Debug|iPhoneSimulator
		{843E2A6D-13E2-4CB8-A98C-0BCBA6F2ACB4}.Debug|Any CPU.Build.0 = Debug|iPhoneSimulator
		{843E2A6D-13E2-4CB8-A98C-0BCBA6F2ACB4}.Debug|Any CPU.Deploy.0 = Debug|iPhoneSimulator
		{843E2A6D-13E2-4CB8-A98C-0BCBA6F2ACB4}.Debug|iPhone.ActiveCfg = Debug|iPhone
		{843E2A6D-13E2-4CB8-A98C-0BCBA6F2ACB4}.Debug|iPhone.Build.0 = Debug|iPhone
		{843E2A6D-13E2-4CB8-A98C-0BCBA6F2ACB4}.Debug|iPhone.Deploy.0 = Debug|iPhone
		{843E2A6D-13E2-4CB8-A98C-0BCBA6F2ACB4}.Debug|iPhoneSimulator.ActiveCfg = Debug|iPhoneSimulator
		{843E2A6D-13E2-4CB8-A98C-0BCBA6F2ACB4}.Debug|iPhoneSimulator.Build.0 = Debug|iPhoneSimulator
		{843E2A6D-13E2-4CB8-A98C-0BCBA6F2ACB4}.Debug|iPhoneSimulator.Deploy.0 = Debug|iPhoneSimulator
		{843E2A6D-13E2-4CB8-A98C-0BCBA6F2ACB4}.Release|Any CPU.ActiveCfg = Release|iPhone
		{843E2A6D-13E2-4CB8-A98C-0BCBA6F2ACB4}.Release|Any CPU.Build.0 = Release|iPhone
		{843E2A6D-13E2-4CB8-A98C-0BCBA6F2ACB4}.Release|Any CPU.Deploy.0 = Release|iPhone
		{843E2A6D-13E2-4CB8-A98C-0BCBA6F2ACB4}.Release|iPhone.ActiveCfg = Release|iPhone
		{843E2A6D-13E2-4CB8-A98C-0BCBA6F2ACB4}.Release|iPhone.Build.0 = Release|iPhone
		{843E2A6D-13E2-4CB8-A98C-0BCBA6F2ACB4}.Release|iPhone.Deploy.0 = Release|iPhone
		{843E2A6D-13E2-4CB8-A98C-0BCBA6F2ACB4}.Release|iPhoneSimulator.ActiveCfg = Release|iPhoneSimulator
		{843E2A6D-13E2-4CB8-A98C-0BCBA6F2ACB4}.Release|iPhoneSimulator.Build.0 = Release|iPhoneSimulator
		{843E2A6D-13E2-4CB8-A98C-0BCBA6F2ACB4}.Release|iPhoneSimulator.Deploy.0 = Release|iPhoneSimulator
		{B2588D6B-7FCF-4AF4-BF96-2B353026D0C1}.Ad-Hoc|Any CPU.ActiveCfg = Debug|Any CPU
		{B2588D6B-7FCF-4AF4-BF96-2B353026D0C1}.Ad-Hoc|Any CPU.Build.0 = Debug|Any CPU
		{B2588D6B-7FCF-4AF4-BF96-2B353026D0C1}.Ad-Hoc|Any CPU.Deploy.0 = Debug|Any CPU
		{B2588D6B-7FCF-4AF4-BF96-2B353026D0C1}.Ad-Hoc|iPhone.ActiveCfg = Debug|Any CPU
		{B2588D6B-7FCF-4AF4-BF96-2B353026D0C1}.Ad-Hoc|iPhone.Build.0 = Debug|Any CPU
		{B2588D6B-7FCF-4AF4-BF96-2B353026D0C1}.Ad-Hoc|iPhone.Deploy.0 = Debug|Any CPU
		{B2588D6B-7FCF-4AF4-BF96-2B353026D0C1}.Ad-Hoc|iPhoneSimulator.ActiveCfg = Debug|Any CPU
		{B2588D6B-7FCF-4AF4-BF96-2B353026D0C1}.Ad-Hoc|iPhoneSimulator.Build.0 = Debug|Any CPU
		{B2588D6B-7FCF-4AF4-BF96-2B353026D0C1}.Ad-Hoc|iPhoneSimulator.Deploy.0 = Debug|Any CPU
		{B2588D6B-7FCF-4AF4-BF96-2B353026D0C1}.AppStore|Any CPU.ActiveCfg = Debug|Any CPU
		{B2588D6B-7FCF-4AF4-BF96-2B353026D0C1}.AppStore|Any CPU.Build.0 = Debug|Any CPU
		{B2588D6B-7FCF-4AF4-BF96-2B353026D0C1}.AppStore|Any CPU.Deploy.0 = Debug|Any CPU
		{B2588D6B-7FCF-4AF4-BF96-2B353026D0C1}.AppStore|iPhone.ActiveCfg = Debug|Any CPU
		{B2588D6B-7FCF-4AF4-BF96-2B353026D0C1}.AppStore|iPhone.Build.0 = Debug|Any CPU
		{B2588D6B-7FCF-4AF4-BF96-2B353026D0C1}.AppStore|iPhone.Deploy.0 = Debug|Any CPU
		{B2588D6B-7FCF-4AF4-BF96-2B353026D0C1}.AppStore|iPhoneSimulator.ActiveCfg = Debug|Any CPU
		{B2588D6B-7FCF-4AF4-BF96-2B353026D0C1}.AppStore|iPhoneSimulator.Build.0 = Debug|Any CPU
		{B2588D6B-7FCF-4AF4-BF96-2B353026D0C1}.AppStore|iPhoneSimulator.Deploy.0 = Debug|Any CPU
		{B2588D6B-7FCF-4AF4-BF96-2B353026D0C1}.Debug|Any CPU.ActiveCfg = Debug|Any CPU
		{B2588D6B-7FCF-4AF4-BF96-2B353026D0C1}.Debug|Any CPU.Build.0 = Debug|Any CPU
		{B2588D6B-7FCF-4AF4-BF96-2B353026D0C1}.Debug|Any CPU.Deploy.0 = Debug|Any CPU
		{B2588D6B-7FCF-4AF4-BF96-2B353026D0C1}.Debug|iPhone.ActiveCfg = Debug|Any CPU
		{B2588D6B-7FCF-4AF4-BF96-2B353026D0C1}.Debug|iPhone.Build.0 = Debug|Any CPU
		{B2588D6B-7FCF-4AF4-BF96-2B353026D0C1}.Debug|iPhone.Deploy.0 = Debug|Any CPU
		{B2588D6B-7FCF-4AF4-BF96-2B353026D0C1}.Debug|iPhoneSimulator.ActiveCfg = Debug|Any CPU
		{B2588D6B-7FCF-4AF4-BF96-2B353026D0C1}.Debug|iPhoneSimulator.Build.0 = Debug|Any CPU
		{B2588D6B-7FCF-4AF4-BF96-2B353026D0C1}.Debug|iPhoneSimulator.Deploy.0 = Debug|Any CPU
		{B2588D6B-7FCF-4AF4-BF96-2B353026D0C1}.Release|Any CPU.ActiveCfg = Release|Any CPU
		{B2588D6B-7FCF-4AF4-BF96-2B353026D0C1}.Release|Any CPU.Build.0 = Release|Any CPU
		{B2588D6B-7FCF-4AF4-BF96-2B353026D0C1}.Release|Any CPU.Deploy.0 = Release|Any CPU
		{B2588D6B-7FCF-4AF4-BF96-2B353026D0C1}.Release|iPhone.ActiveCfg = Release|Any CPU
		{B2588D6B-7FCF-4AF4-BF96-2B353026D0C1}.Release|iPhone.Build.0 = Release|Any CPU
		{B2588D6B-7FCF-4AF4-BF96-2B353026D0C1}.Release|iPhone.Deploy.0 = Release|Any CPU
		{B2588D6B-7FCF-4AF4-BF96-2B353026D0C1}.Release|iPhoneSimulator.ActiveCfg = Release|Any CPU
		{B2588D6B-7FCF-4AF4-BF96-2B353026D0C1}.Release|iPhoneSimulator.Build.0 = Release|Any CPU
		{B2588D6B-7FCF-4AF4-BF96-2B353026D0C1}.Release|iPhoneSimulator.Deploy.0 = Release|Any CPU
	EndGlobalSection
	GlobalSection(SolutionProperties) = preSolution
		HideSolutionNode = FALSE
	EndGlobalSection
	GlobalSection(ExtensibilityGlobals) = postSolution
		SolutionGuid = {CE2CC894-5AAC-415E-9A2F-F21BA88B305C}
	EndGlobalSection
EndGlobal
